
Microsoft Visual Studio Solution File, Format Version 12.00
# Visual Studio 15
VisualStudioVersion = 15.0.27130.2036
MinimumVisualStudioVersion = 10.0.40219.1
Project("{FAE04EC0-301F-11D3-BF4B-00C04F79EFBC}") = "TopshelfHostedService", "TopshelfHostedService\TopshelfHostedService.csproj", "{082C7A27-9215-44F4-92AE-50022A0304EE}"
EndProject
Global
	GlobalSection(SolutionConfigurationPlatforms) = preSolution
		Debug|Any CPU = Debug|Any CPU
		Release|Any CPU = Release|Any CPU
	EndGlobalSection
	GlobalSection(ProjectConfigurationPlatforms) = postSolution
		{082C7A27-9215-44F4-92AE-50022A0304EE}.Debug|Any CPU.ActiveCfg = Debug|Any CPU
		{082C7A27-9215-44F4-92AE-50022A0304EE}.Debug|Any CPU.Build.0 = Debug|Any CPU
		{082C7A27-9215-44F4-92AE-50022A0304EE}.Release|Any CPU.ActiveCfg = Release|Any CPU
		{082C7A27-9215-44F4-92AE-50022A0304EE}.Release|Any CPU.Build.0 = Release|Any CPU
	EndGlobalSection
	GlobalSection(SolutionProperties) = preSolution
		HideSolutionNode = FALSE
	EndGlobalSection
	GlobalSection(ExtensibilityGlobals) = postSolution
		SolutionGuid = {1CCBDE91-A2F5-4A5F-8EAC-3AACE022D2EE}
	EndGlobalSection
EndGlobal
